<?xml version="1.0" encoding="utf-8"?>
<Project ToolsVersion="4.0" xmlns="http://schemas.microsoft.com/developer/msbuild/2003">
  <ItemGroup>
    <Filter Include="anagrAmble">
      <UniqueIdentifier>{abcb82b0-d369-4ea0-8e09-e852958d15ff}</UniqueIdentifier>
    </Filter>
    <Filter Include="anagrAmble\MainGame">
      <UniqueIdentifier>{03f0cf58-8cec-4d5a-b37f-33d150c8613e}</UniqueIdentifier>
    </Filter>
    <Filter Include="anagrAmble\MainGame\SceneManager">
      <UniqueIdentifier>{bcf84cdb-34b1-410c-9dc6-228009d4c32b}</UniqueIdentifier>
    </Filter>
    <Filter Include="anagrAmble\MainGame\SceneManager\Scene">
      <UniqueIdentifier>{c16295c3-f1a9-42ed-9604-80d2a21be389}</UniqueIdentifier>
    </Filter>
    <Filter Include="anagrAmble\MainGame\SceneManager\GameDataManager">
      <UniqueIdentifier>{162c3357-8aec-44d0-a8f2-113bea1a8e0e}</UniqueIdentifier>
    </Filter>
    <Filter Include="anagrAmble\MainGame\SceneManager\Scene\LogoScene">
      <UniqueIdentifier>{07f66fab-1421-4782-aa74-ded68eb23730}</UniqueIdentifier>
    </Filter>
    <Filter Include="anagrAmble\MainGame\SceneManager\Scene\TitleScene">
      <UniqueIdentifier>{e9ce6b88-2568-4b0b-ad18-74c15f737240}</UniqueIdentifier>
    </Filter>
    <Filter Include="anagrAmble\MainGame\SceneManager\Scene\GameScene">
      <UniqueIdentifier>{f0d849ef-0f45-4f0e-8c0d-46f3147ff402}</UniqueIdentifier>
    </Filter>
    <Filter Include="anagrAmble\MainGame\SceneManager\Scene\GameClearScene">
      <UniqueIdentifier>{c5e634a1-88a5-4bb6-9e5d-f8d76e845699}</UniqueIdentifier>
    </Filter>
    <Filter Include="anagrAmble\MainGame\SceneManager\Scene\CreditsRollScene">
      <UniqueIdentifier>{c450ea80-846c-4148-931a-a76f6f071e42}</UniqueIdentifier>
    </Filter>
    <Filter Include="anagrAmble\MainGame\SceneManager\Scene\GameScene\GameEventManager">
      <UniqueIdentifier>{a2f79aed-8b09-4a7d-98f5-bb8c52e6205a}</UniqueIdentifier>
    </Filter>
    <Filter Include="anagrAmble\MainGame\SceneManager\Scene\GameScene\GamePauseMenu">
      <UniqueIdentifier>{9d8209b4-6b3d-49d8-93e7-68fab34fcac0}</UniqueIdentifier>
    </Filter>
    <Filter Include="anagrAmble\MainGame\SceneManager\Scene\GameOverScene">
      <UniqueIdentifier>{14549d4e-8d59-4e28-a618-4a015ba19937}</UniqueIdentifier>
    </Filter>
    <Filter Include="anagrAmble\MainGame\SceneManager\Scene\GameScene\StageManager">
      <UniqueIdentifier>{9d9a0b7e-a18c-4649-880d-9b84f04e9a82}</UniqueIdentifier>
    </Filter>
    <Filter Include="anagrAmble\MainGame\SceneManager\Scene\GameScene\StageManager\Stage">
      <UniqueIdentifier>{f9f49adb-0faf-4608-8d13-359e4aacc6de}</UniqueIdentifier>
    </Filter>
    <Filter Include="anagrAmble\MainGame\SceneManager\Scene\TitleScene\Button">
      <UniqueIdentifier>{fb3a40f1-e74f-4506-8176-937b3ca1cf50}</UniqueIdentifier>
    </Filter>
    <Filter Include="anagrAmble\MainGame\SceneManager\Scene\GameScene\StageManager\Stage\ObjBase">
      <UniqueIdentifier>{676690a9-3007-4400-9390-47461d108e17}</UniqueIdentifier>
    </Filter>
    <Filter Include="anagrAmble\MainGame\SceneManager\Scene\GameScene\StageManager\Stage\ObjBase\Player">
      <UniqueIdentifier>{5efa63c2-6569-4236-970f-259695663f18}</UniqueIdentifier>
    </Filter>
    <Filter Include="anagrAmble\MainGame\SceneManager\Scene\GameScene\StageManager\Stage\ObjBase\Enemy">
      <UniqueIdentifier>{9db18ad1-5865-4a3c-9536-b6f87d2a448d}</UniqueIdentifier>
    </Filter>
    <Filter Include="anagrAmble\MainGame\SceneManager\Scene\GameScene\StageManager\Stage\ObjBase\StageObj">
      <UniqueIdentifier>{61fede62-d22c-49a8-95e4-7ff0a74e8cc2}</UniqueIdentifier>
    </Filter>
    <Filter Include="anagrAmble\MainGame\SceneManager\Scene\GameScene\StageManager\Stage\ObjBase\StageObj\Block">
      <UniqueIdentifier>{47bba483-4006-40ff-8e5a-40cf17522471}</UniqueIdentifier>
    </Filter>
    <Filter Include="anagrAmble\MainGame\SceneManager\Scene\GameScene\StageManager\Stage\ObjBase\StageObj\Goal">
      <UniqueIdentifier>{fe2944c9-f60f-4857-b5f3-e27d0de33078}</UniqueIdentifier>
    </Filter>
    <Filter Include="anagrAmble\MainGame\SceneManager\Scene\GameScene\StageManager\Stage\StageObjManager">
      <UniqueIdentifier>{c513112c-37d3-43b1-8b75-309380da2a0b}</UniqueIdentifier>
    </Filter>
    <Filter Include="anagrAmble\MainGame\SceneManager\Scene\GameScene\StageManager\Stage\ObjBase\StageObj\Gimmick">
      <UniqueIdentifier>{e9e8cdcd-ece5-4020-9fa5-82572bb79fdc}</UniqueIdentifier>
    </Filter>
  </ItemGroup>
  <ItemGroup>
    <ClCompile Include="Main.cpp">
      <Filter>anagrAmble</Filter>
    </ClCompile>
    <ClCompile Include="MainGame\MainGame.cpp">
      <Filter>anagrAmble\MainGame</Filter>
    </ClCompile>
    <ClCompile Include="MainGame\SceneManager\SceneFactory.cpp">
      <Filter>anagrAmble\MainGame\SceneManager</Filter>
    </ClCompile>
    <ClCompile Include="MainGame\SceneManager\SceneManager.cpp">
      <Filter>anagrAmble\MainGame\SceneManager</Filter>
    </ClCompile>
    <ClCompile Include="MainGame\SceneManager\Scene\Scene.cpp">
      <Filter>anagrAmble\MainGame\SceneManager\Scene</Filter>
    </ClCompile>
    <ClCompile Include="MainGame\SceneManager\GameDataManager\GameDataManager.cpp">
      <Filter>anagrAmble\MainGame\SceneManager\GameDataManager</Filter>
    </ClCompile>
    <ClCompile Include="MainGame\SceneManager\Scene\LogoScene\LogoScene.cpp">
      <Filter>anagrAmble\MainGame\SceneManager\Scene\LogoScene</Filter>
    </ClCompile>
    <ClCompile Include="MainGame\SceneManager\Scene\TitleScene\TitleScene.cpp">
      <Filter>anagrAmble\MainGame\SceneManager\Scene\TitleScene</Filter>
    </ClCompile>
    <ClCompile Include="MainGame\SceneManager\Scene\GameScene\GameScene.cpp">
      <Filter>anagrAmble\MainGame\SceneManager\Scene\GameScene</Filter>
    </ClCompile>
    <ClCompile Include="MainGame\SceneManager\Scene\GameClearScene\GameClearScene.cpp">
      <Filter>anagrAmble\MainGame\SceneManager\Scene\GameClearScene</Filter>
    </ClCompile>
    <ClCompile Include="MainGame\SceneManager\Scene\CreditsRollScene\CreditsRollScene.cpp">
      <Filter>anagrAmble\MainGame\SceneManager\Scene\CreditsRollScene</Filter>
    </ClCompile>
    <ClCompile Include="MainGame\SceneManager\Scene\LogoScene\LogoBackground.cpp">
      <Filter>anagrAmble\MainGame\SceneManager\Scene\LogoScene</Filter>
    </ClCompile>
    <ClCompile Include="MainGame\SceneManager\Scene\LogoScene\LogoText.cpp">
      <Filter>anagrAmble\MainGame\SceneManager\Scene\LogoScene</Filter>
    </ClCompile>
    <ClCompile Include="MainGame\SceneManager\Scene\TitleScene\TitleMenu.cpp">
      <Filter>anagrAmble\MainGame\SceneManager\Scene\TitleScene</Filter>
    </ClCompile>
    <ClCompile Include="MainGame\SceneManager\Scene\TitleScene\TitleText.cpp">
      <Filter>anagrAmble\MainGame\SceneManager\Scene\TitleScene</Filter>
    </ClCompile>
    <ClCompile Include="MainGame\SceneManager\Scene\TitleScene\TitleBackground.cpp">
      <Filter>anagrAmble\MainGame\SceneManager\Scene\TitleScene</Filter>
    </ClCompile>
    <ClCompile Include="MainGame\SceneManager\Scene\GameScene\GameEventManager\GameEventManager.cpp">
      <Filter>anagrAmble\MainGame\SceneManager\Scene\GameScene\GameEventManager</Filter>
    </ClCompile>
    <ClCompile Include="MainGame\SceneManager\Scene\GameScene\GameEventManager\EventLisner.cpp">
      <Filter>anagrAmble\MainGame\SceneManager\Scene\GameScene\GameEventManager</Filter>
    </ClCompile>
    <ClCompile Include="MainGame\SceneManager\Scene\GameScene\GamePauseMenu\GamePauseMenu.cpp">
      <Filter>anagrAmble\MainGame\SceneManager\Scene\GameScene\GamePauseMenu</Filter>
    </ClCompile>
    <ClCompile Include="MainGame\SceneManager\Scene\GameScene\GamePauseMenu\GamePauseMenuBackground.cpp">
      <Filter>anagrAmble\MainGame\SceneManager\Scene\GameScene\GamePauseMenu</Filter>
    </ClCompile>
    <ClCompile Include="MainGame\SceneManager\Scene\GameOverScene\GameOverScene.cpp">
      <Filter>anagrAmble\MainGame\SceneManager\Scene\GameOverScene</Filter>
    </ClCompile>
    <ClCompile Include="MainGame\SceneManager\Scene\GameScene\StageManager\StageDataManager.cpp">
      <Filter>anagrAmble\MainGame\SceneManager\Scene\GameScene\StageManager</Filter>
    </ClCompile>
    <ClCompile Include="MainGame\SceneManager\Scene\GameScene\StageManager\StageManager.cpp">
      <Filter>anagrAmble\MainGame\SceneManager\Scene\GameScene\StageManager</Filter>
    </ClCompile>
    <ClCompile Include="MainGame\SceneManager\Scene\GameScene\StageManager\Stage\Stage.cpp">
      <Filter>anagrAmble\MainGame\SceneManager\Scene\GameScene\StageManager\Stage</Filter>
    </ClCompile>
    <ClCompile Include="MainGame\SceneManager\Scene\GameScene\StageManager\Stage\StageBackground.cpp">
      <Filter>anagrAmble\MainGame\SceneManager\Scene\GameScene\StageManager\Stage</Filter>
    </ClCompile>
    <ClCompile Include="MainGame\SceneManager\Scene\TitleScene\Button\BasicButton.cpp">
      <Filter>anagrAmble\MainGame\SceneManager\Scene\TitleScene\Button</Filter>
    </ClCompile>
    <ClCompile Include="MainGame\SceneManager\Scene\TitleScene\Button\Button.cpp">
      <Filter>anagrAmble\MainGame\SceneManager\Scene\TitleScene\Button</Filter>
    </ClCompile>
    <ClCompile Include="MainGame\SceneManager\Scene\GameScene\StageManager\Stage\BasePoint.cpp">
      <Filter>anagrAmble\MainGame\SceneManager\Scene\GameScene\StageManager\Stage</Filter>
    </ClCompile>
    <ClCompile Include="MainGame\SceneManager\Scene\GameScene\StageManager\Stage\CollisionManager.cpp">
      <Filter>anagrAmble\MainGame\SceneManager\Scene\GameScene\StageManager\Stage</Filter>
    </ClCompile>
    <ClCompile Include="MainGame\SceneManager\Scene\GameScene\StageManager\Stage\ObjBase\ObjBase.cpp">
      <Filter>anagrAmble\MainGame\SceneManager\Scene\GameScene\StageManager\Stage\ObjBase</Filter>
    </ClCompile>
    <ClCompile Include="MainGame\SceneManager\Scene\GameScene\StageManager\Stage\ObjBase\Player\Player.cpp">
      <Filter>anagrAmble\MainGame\SceneManager\Scene\GameScene\StageManager\Stage\ObjBase\Player</Filter>
    </ClCompile>
    <ClCompile Include="MainGame\SceneManager\Scene\GameScene\StageManager\Stage\ObjBase\Enemy\Enemy.cpp">
      <Filter>anagrAmble\MainGame\SceneManager\Scene\GameScene\StageManager\Stage\ObjBase\Enemy</Filter>
    </ClCompile>
    <ClCompile Include="MainGame\SceneManager\Scene\GameScene\StageManager\Stage\ObjBase\StageObj\StageObj.cpp">
      <Filter>anagrAmble\MainGame\SceneManager\Scene\GameScene\StageManager\Stage\ObjBase\StageObj</Filter>
    </ClCompile>
    <ClCompile Include="MainGame\SceneManager\Scene\GameScene\StageManager\Stage\ObjBase\StageObj\Block\NormalBlock.cpp">
      <Filter>anagrAmble\MainGame\SceneManager\Scene\GameScene\StageManager\Stage\ObjBase\StageObj\Block</Filter>
    </ClCompile>
    <ClCompile Include="MainGame\SceneManager\Scene\GameScene\StageManager\Stage\ObjBase\StageObj\Goal\Goal.cpp">
      <Filter>anagrAmble\MainGame\SceneManager\Scene\GameScene\StageManager\Stage\ObjBase\StageObj\Goal</Filter>
    </ClCompile>
    <ClCompile Include="MainGame\SceneManager\Scene\GameScene\StageManager\Stage\ObjBase\StageObj\Goal\GoalKey.cpp">
      <Filter>anagrAmble\MainGame\SceneManager\Scene\GameScene\StageManager\Stage\ObjBase\StageObj\Goal</Filter>
    </ClCompile>
    <ClCompile Include="MainGame\SceneManager\Scene\GameScene\StageManager\Stage\StageObjManager\StageObjFactory.cpp">
      <Filter>anagrAmble\MainGame\SceneManager\Scene\GameScene\StageManager\Stage\StageObjManager</Filter>
    </ClCompile>
    <ClCompile Include="MainGame\SceneManager\Scene\GameScene\StageManager\Stage\StageObjManager\StageObjManager.cpp">
      <Filter>anagrAmble\MainGame\SceneManager\Scene\GameScene\StageManager\Stage\StageObjManager</Filter>
    </ClCompile>
    <ClCompile Include="MainGame\SceneManager\Scene\GameScene\StageManager\Stage\ObjBase\StageObj\Block\GroundBlock.cpp">
      <Filter>anagrAmble\MainGame\SceneManager\Scene\GameScene\StageManager\Stage\ObjBase\StageObj\Block</Filter>
    </ClCompile>
    <ClCompile Include="MainGame\SceneManager\Scene\GameScene\StageManager\Stage\ObjBase\StageObj\Block\ElectricalBlock.cpp">
      <Filter>anagrAmble\MainGame\SceneManager\Scene\GameScene\StageManager\Stage\ObjBase\StageObj\Block</Filter>
    </ClCompile>
    <ClCompile Include="MainGame\SceneManager\Scene\GameScene\StageManager\Stage\ObjBase\StageObj\Block\PressureSensitiveBlock.cpp">
      <Filter>anagrAmble\MainGame\SceneManager\Scene\GameScene\StageManager\Stage\ObjBase\StageObj\Block</Filter>
    </ClCompile>
    <ClCompile Include="MainGame\SceneManager\Scene\GameScene\StageManager\Stage\ObjBase\StageObj\Block\LightRoadBlock.cpp">
      <Filter>anagrAmble\MainGame\SceneManager\Scene\GameScene\StageManager\Stage\ObjBase\StageObj\Block</Filter>
    </ClCompile>
    <ClCompile Include="MainGame\SceneManager\Scene\GameScene\StageManager\Stage\ObjBase\StageObj\Block\LightBlock.cpp">
      <Filter>anagrAmble\MainGame\SceneManager\Scene\GameScene\StageManager\Stage\ObjBase\StageObj\Block</Filter>
    </ClCompile>
    <ClCompile Include="MainGame\SceneManager\Scene\GameScene\StageManager\Stage\ObjBase\StageObj\Gimmik\Lever.cpp">
      <Filter>anagrAmble\MainGame\SceneManager\Scene\GameScene\StageManager\Stage\ObjBase\StageObj\Gimmick</Filter>
    </ClCompile>
  </ItemGroup>
  <ItemGroup>
    <ClInclude Include="MainGame\MainGame.h">
      <Filter>anagrAmble\MainGame</Filter>
    </ClInclude>
    <ClInclude Include="MainGame\SceneManager\SceneFactory.h">
      <Filter>anagrAmble\MainGame\SceneManager</Filter>
    </ClInclude>
    <ClInclude Include="MainGame\SceneManager\SceneManager.h">
      <Filter>anagrAmble\MainGame\SceneManager</Filter>
    </ClInclude>
    <ClInclude Include="MainGame\SceneManager\Scene\Scene.h">
      <Filter>anagrAmble\MainGame\SceneManager\Scene</Filter>
    </ClInclude>
    <ClInclude Include="MainGame\SceneManager\GameDataManager\GameDataManager.h">
      <Filter>anagrAmble\MainGame\SceneManager\GameDataManager</Filter>
    </ClInclude>
    <ClInclude Include="MainGame\SceneManager\Scene\LogoScene\LogoScene.h">
      <Filter>anagrAmble\MainGame\SceneManager\Scene\LogoScene</Filter>
    </ClInclude>
    <ClInclude Include="MainGame\SceneManager\Scene\TitleScene\TitleScene.h">
      <Filter>anagrAmble\MainGame\SceneManager\Scene\TitleScene</Filter>
    </ClInclude>
    <ClInclude Include="MainGame\SceneManager\Scene\GameScene\GameScene.h">
      <Filter>anagrAmble\MainGame\SceneManager\Scene\GameScene</Filter>
    </ClInclude>
    <ClInclude Include="MainGame\SceneManager\Scene\GameClearScene\GameClearScene.h">
      <Filter>anagrAmble\MainGame\SceneManager\Scene\GameClearScene</Filter>
    </ClInclude>
    <ClInclude Include="MainGame\SceneManager\Scene\CreditsRollScene\CreditsRollScene.h">
      <Filter>anagrAmble\MainGame\SceneManager\Scene\CreditsRollScene</Filter>
    </ClInclude>
    <ClInclude Include="MainGame\SceneManager\Scene\LogoScene\LogoBackground.h">
      <Filter>anagrAmble\MainGame\SceneManager\Scene\LogoScene</Filter>
    </ClInclude>
    <ClInclude Include="MainGame\SceneManager\Scene\LogoScene\LogoText.h">
      <Filter>anagrAmble\MainGame\SceneManager\Scene\LogoScene</Filter>
    </ClInclude>
    <ClInclude Include="MainGame\SceneManager\Scene\TitleScene\TitleMenu.h">
      <Filter>anagrAmble\MainGame\SceneManager\Scene\TitleScene</Filter>
    </ClInclude>
    <ClInclude Include="MainGame\SceneManager\Scene\TitleScene\TitleText.h">
      <Filter>anagrAmble\MainGame\SceneManager\Scene\TitleScene</Filter>
    </ClInclude>
    <ClInclude Include="MainGame\SceneManager\Scene\TitleScene\TitleBackground.h">
      <Filter>anagrAmble\MainGame\SceneManager\Scene\TitleScene</Filter>
    </ClInclude>
    <ClInclude Include="MainGame\ControllerEnum.h">
      <Filter>anagrAmble\MainGame</Filter>
    </ClInclude>
    <ClInclude Include="MainGame\SceneManager\Scene\GameScene\GameEventManager\GameEventManager.h">
      <Filter>anagrAmble\MainGame\SceneManager\Scene\GameScene\GameEventManager</Filter>
    </ClInclude>
    <ClInclude Include="MainGame\SceneManager\Scene\GameScene\GameEventManager\EventLisner.h">
      <Filter>anagrAmble\MainGame\SceneManager\Scene\GameScene\GameEventManager</Filter>
    </ClInclude>
    <ClInclude Include="MainGame\SceneManager\Scene\GameScene\GamePauseMenu\GamePauseMenu.h">
      <Filter>anagrAmble\MainGame\SceneManager\Scene\GameScene\GamePauseMenu</Filter>
    </ClInclude>
    <ClInclude Include="MainGame\SceneManager\Scene\GameScene\GamePauseMenu\GamePauseMenuBackground.h">
      <Filter>anagrAmble\MainGame\SceneManager\Scene\GameScene\GamePauseMenu</Filter>
    </ClInclude>
    <ClInclude Include="MainGame\SceneManager\Scene\GameOverScene\GameOverScene.h">
      <Filter>anagrAmble\MainGame\SceneManager\Scene\GameOverScene</Filter>
    </ClInclude>
    <ClInclude Include="MainGame\SceneManager\Scene\GameScene\StageManager\StageDataManager.h">
      <Filter>anagrAmble\MainGame\SceneManager\Scene\GameScene\StageManager</Filter>
    </ClInclude>
    <ClInclude Include="MainGame\SceneManager\Scene\GameScene\StageManager\StageManager.h">
      <Filter>anagrAmble\MainGame\SceneManager\Scene\GameScene\StageManager</Filter>
    </ClInclude>
    <ClInclude Include="MainGame\SceneManager\Scene\GameScene\StageManager\Stage\Stage.h">
      <Filter>anagrAmble\MainGame\SceneManager\Scene\GameScene\StageManager\Stage</Filter>
    </ClInclude>
    <ClInclude Include="MainGame\SceneManager\Scene\GameScene\StageManager\Stage\StageBackground.h">
      <Filter>anagrAmble\MainGame\SceneManager\Scene\GameScene\StageManager\Stage</Filter>
    </ClInclude>
    <ClInclude Include="MainGame\SceneManager\Scene\TitleScene\Button\BasicButton.h">
      <Filter>anagrAmble\MainGame\SceneManager\Scene\TitleScene\Button</Filter>
    </ClInclude>
    <ClInclude Include="MainGame\SceneManager\Scene\TitleScene\Button\Button.h">
      <Filter>anagrAmble\MainGame\SceneManager\Scene\TitleScene\Button</Filter>
    </ClInclude>
    <ClInclude Include="MainGame\SceneManager\Scene\GameScene\StageManager\Stage\BasePoint.h">
      <Filter>anagrAmble\MainGame\SceneManager\Scene\GameScene\StageManager\Stage</Filter>
    </ClInclude>
    <ClInclude Include="MainGame\SceneManager\Scene\GameScene\StageManager\Stage\CollisionManager.h">
      <Filter>anagrAmble\MainGame\SceneManager\Scene\GameScene\StageManager\Stage</Filter>
    </ClInclude>
    <ClInclude Include="MainGame\SceneManager\Scene\GameScene\StageManager\Stage\ObjBase\ObjBase.h">
      <Filter>anagrAmble\MainGame\SceneManager\Scene\GameScene\StageManager\Stage\ObjBase</Filter>
    </ClInclude>
    <ClInclude Include="MainGame\SceneManager\Scene\GameScene\StageManager\Stage\ObjBase\Player\Player.h">
      <Filter>anagrAmble\MainGame\SceneManager\Scene\GameScene\StageManager\Stage\ObjBase\Player</Filter>
    </ClInclude>
    <ClInclude Include="MainGame\SceneManager\Scene\GameScene\StageManager\Stage\ObjBase\Enemy\Enemy.h">
      <Filter>anagrAmble\MainGame\SceneManager\Scene\GameScene\StageManager\Stage\ObjBase\Enemy</Filter>
    </ClInclude>
    <ClInclude Include="MainGame\SceneManager\Scene\GameScene\StageManager\Stage\ObjBase\StageObj\StageObj.h">
      <Filter>anagrAmble\MainGame\SceneManager\Scene\GameScene\StageManager\Stage\ObjBase\StageObj</Filter>
    </ClInclude>
    <ClInclude Include="MainGame\SceneManager\Scene\GameScene\StageManager\Stage\ObjBase\StageObj\Block\NormalBlock.h">
      <Filter>anagrAmble\MainGame\SceneManager\Scene\GameScene\StageManager\Stage\ObjBase\StageObj\Block</Filter>
    </ClInclude>
    <ClInclude Include="MainGame\SceneManager\Scene\GameScene\StageManager\Stage\ObjBase\StageObj\Goal\Goal.h">
      <Filter>anagrAmble\MainGame\SceneManager\Scene\GameScene\StageManager\Stage\ObjBase\StageObj\Goal</Filter>
    </ClInclude>
    <ClInclude Include="MainGame\SceneManager\Scene\GameScene\StageManager\Stage\ObjBase\StageObj\Goal\GoalKey.h">
      <Filter>anagrAmble\MainGame\SceneManager\Scene\GameScene\StageManager\Stage\ObjBase\StageObj\Goal</Filter>
    </ClInclude>
    <ClInclude Include="MainGame\SceneManager\Scene\GameScene\StageManager\Stage\StageObjManager\StageObjFactory.h">
      <Filter>anagrAmble\MainGame\SceneManager\Scene\GameScene\StageManager\Stage\StageObjManager</Filter>
    </ClInclude>
    <ClInclude Include="MainGame\SceneManager\Scene\GameScene\StageManager\Stage\StageObjManager\StageObjManager.h">
      <Filter>anagrAmble\MainGame\SceneManager\Scene\GameScene\StageManager\Stage\StageObjManager</Filter>
    </ClInclude>
    <ClInclude Include="MainGame\SceneManager\Scene\GameScene\StageManager\Stage\ObjBase\StageObj\Block\GroundBlock.h">
      <Filter>anagrAmble\MainGame\SceneManager\Scene\GameScene\StageManager\Stage\ObjBase\StageObj\Block</Filter>
    </ClInclude>
    <ClInclude Include="MainGame\SceneManager\Scene\GameScene\StageManager\Stage\ObjBase\StageObj\Block\ElectricalBlock.h">
      <Filter>anagrAmble\MainGame\SceneManager\Scene\GameScene\StageManager\Stage\ObjBase\StageObj\Block</Filter>
    </ClInclude>
    <ClInclude Include="MainGame\SceneManager\Scene\GameScene\StageManager\Stage\ObjBase\StageObj\Block\PressureSensitiveBlock.h">
      <Filter>anagrAmble\MainGame\SceneManager\Scene\GameScene\StageManager\Stage\ObjBase\StageObj\Block</Filter>
    </ClInclude>
    <ClInclude Include="MainGame\SceneManager\Scene\GameScene\StageManager\Stage\ObjBase\StageObj\Block\LightRoadBlock.h">
      <Filter>anagrAmble\MainGame\SceneManager\Scene\GameScene\StageManager\Stage\ObjBase\StageObj\Block</Filter>
    </ClInclude>
    <ClInclude Include="MainGame\SceneManager\Scene\GameScene\StageManager\Stage\ObjBase\StageObj\Block\LightBlock.h">
      <Filter>anagrAmble\MainGame\SceneManager\Scene\GameScene\StageManager\Stage\ObjBase\StageObj\Block</Filter>
    </ClInclude>
    <ClInclude Include="MainGame\SceneManager\Scene\GameScene\StageManager\Stage\ObjBase\StageObj\Gimmik\Lever.h">
      <Filter>anagrAmble\MainGame\SceneManager\Scene\GameScene\StageManager\Stage\ObjBase\StageObj\Gimmick</Filter>
    </ClInclude>
  </ItemGroup>
</Project>